// !$*UTF8*$!
{
	archiveVersion = 1;
	classes = {
	};
	objectVersion = 48;
	objects = {

/* Begin PBXBuildFile section */
		0F5695A157C04A4240AFD5A5 /* Pods_ProtocolHW.framework in Frameworks */ = {isa = PBXBuildFile; fileRef = EF4D82AF02D47AE744420B38 /* Pods_ProtocolHW.framework */; };
		19D95FB81FB231780037AF9B /* AppDelegate.swift in Sources */ = {isa = PBXBuildFile; fileRef = 19D95FB71FB231780037AF9B /* AppDelegate.swift */; };
		19D95FBA1FB231780037AF9B /* ViewController.swift in Sources */ = {isa = PBXBuildFile; fileRef = 19D95FB91FB231780037AF9B /* ViewController.swift */; };
		19D95FC01FB231780037AF9B /* ProtocolHW.xcdatamodeld in Sources */ = {isa = PBXBuildFile; fileRef = 19D95FBE1FB231780037AF9B /* ProtocolHW.xcdatamodeld */; };
		19D95FC21FB231780037AF9B /* Assets.xcassets in Resources */ = {isa = PBXBuildFile; fileRef = 19D95FC11FB231780037AF9B /* Assets.xcassets */; };
		19D95FC51FB231780037AF9B /* LaunchScreen.storyboard in Resources */ = {isa = PBXBuildFile; fileRef = 19D95FC31FB231780037AF9B /* LaunchScreen.storyboard */; };
		19D95FCD1FB232A00037AF9B /* MainView.swift in Sources */ = {isa = PBXBuildFile; fileRef = 19D95FCC1FB232A00037AF9B /* MainView.swift */; };
/* End PBXBuildFile section */

/* Begin PBXFileReference section */
		19D95FB41FB231780037AF9B /* ProtocolHW.app */ = {isa = PBXFileReference; explicitFileType = wrapper.application; includeInIndex = 0; path = ProtocolHW.app; sourceTree = BUILT_PRODUCTS_DIR; };
		19D95FB71FB231780037AF9B /* AppDelegate.swift */ = {isa = PBXFileReference; lastKnownFileType = sourcecode.swift; path = AppDelegate.swift; sourceTree = "<group>"; };
		19D95FB91FB231780037AF9B /* ViewController.swift */ = {isa = PBXFileReference; lastKnownFileType = sourcecode.swift; path = ViewController.swift; sourceTree = "<group>"; };
		19D95FBF1FB231780037AF9B /* ProtocolHW.xcdatamodel */ = {isa = PBXFileReference; lastKnownFileType = wrapper.xcdatamodel; path = ProtocolHW.xcdatamodel; sourceTree = "<group>"; };
		19D95FC11FB231780037AF9B /* Assets.xcassets */ = {isa = PBXFileReference; lastKnownFileType = folder.assetcatalog; path = Assets.xcassets; sourceTree = "<group>"; };
		19D95FC41FB231780037AF9B /* Base */ = {isa = PBXFileReference; lastKnownFileType = file.storyboard; name = Base; path = Base.lproj/LaunchScreen.storyboard; sourceTree = "<group>"; };
		19D95FC61FB231780037AF9B /* Info.plist */ = {isa = PBXFileReference; lastKnownFileType = text.plist.xml; path = Info.plist; sourceTree = "<group>"; };
		19D95FCC1FB232A00037AF9B /* MainView.swift */ = {isa = PBXFileReference; lastKnownFileType = sourcecode.swift; path = MainView.swift; sourceTree = "<group>"; };
		6CECF353876A5B328E243C8C /* Pods-ProtocolHW.release.xcconfig */ = {isa = PBXFileReference; includeInIndex = 1; lastKnownFileType = text.xcconfig; name = "Pods-ProtocolHW.release.xcconfig"; path = "Pods/Target Support Files/Pods-ProtocolHW/Pods-ProtocolHW.release.xcconfig"; sourceTree = "<group>"; };
		C5956B8E996BC3AFCE1DE925 /* Pods-ProtocolHW.debug.xcconfig */ = {isa = PBXFileReference; includeInIndex = 1; lastKnownFileType = text.xcconfig; name = "Pods-ProtocolHW.debug.xcconfig"; path = "Pods/Target Support Files/Pods-ProtocolHW/Pods-ProtocolHW.debug.xcconfig"; sourceTree = "<group>"; };
		EF4D82AF02D47AE744420B38 /* Pods_ProtocolHW.framework */ = {isa = PBXFileReference; explicitFileType = wrapper.framework; includeInIndex = 0; path = Pods_ProtocolHW.framework; sourceTree = BUILT_PRODUCTS_DIR; };
/* End PBXFileReference section */

/* Begin PBXFrameworksBuildPhase section */
		19D95FB11FB231780037AF9B /* Frameworks */ = {
			isa = PBXFrameworksBuildPhase;
			buildActionMask = 2147483647;
			files = (
				0F5695A157C04A4240AFD5A5 /* Pods_ProtocolHW.framework in Frameworks */,
			);
			runOnlyForDeploymentPostprocessing = 0;
		};
/* End PBXFrameworksBuildPhase section */

/* Begin PBXGroup section */
		19D95FAB1FB231780037AF9B = {
			isa = PBXGroup;
			children = (
				19D95FB61FB231780037AF9B /* ProtocolHW */,
				19D95FB51FB231780037AF9B /* Products */,
				D8532D69F0B618B65791D1C9 /* Pods */,
				46A9CAF7A06D97FDCD5AD75B /* Frameworks */,
			);
			sourceTree = "<group>";
		};
		19D95FB51FB231780037AF9B /* Products */ = {
			isa = PBXGroup;
			children = (
				19D95FB41FB231780037AF9B /* ProtocolHW.app */,
			);
			name = Products;
			sourceTree = "<group>";
		};
		19D95FB61FB231780037AF9B /* ProtocolHW */ = {
			isa = PBXGroup;
			children = (
				19D95FB71FB231780037AF9B /* AppDelegate.swift */,
				19D95FB91FB231780037AF9B /* ViewController.swift */,
				19D95FCC1FB232A00037AF9B /* MainView.swift */,
				19D95FC11FB231780037AF9B /* Assets.xcassets */,
				19D95FC31FB231780037AF9B /* LaunchScreen.storyboard */,
				19D95FC61FB231780037AF9B /* Info.plist */,
				19D95FBE1FB231780037AF9B /* ProtocolHW.xcdatamodeld */,
			);
			path = ProtocolHW;
			sourceTree = "<group>";
		};
		46A9CAF7A06D97FDCD5AD75B /* Frameworks */ = {
			isa = PBXGroup;
			children = (
				EF4D82AF02D47AE744420B38 /* Pods_ProtocolHW.framework */,
			);
			name = Frameworks;
			sourceTree = "<group>";
		};
		D8532D69F0B618B65791D1C9 /* Pods */ = {
			isa = PBXGroup;
			children = (
				C5956B8E996BC3AFCE1DE925 /* Pods-ProtocolHW.debug.xcconfig */,
				6CECF353876A5B328E243C8C /* Pods-ProtocolHW.release.xcconfig */,
			);
			name = Pods;
			sourceTree = "<group>";
		};
/* End PBXGroup section */

/* Begin PBXNativeTarget section */
		19D95FB31FB231780037AF9B /* ProtocolHW */ = {
			isa = PBXNativeTarget;
			buildConfigurationList = 19D95FC91FB231780037AF9B /* Build configuration list for PBXNativeTarget "ProtocolHW" */;
			buildPhases = (
				726551FB314509401A01FCD4 /* [CP] Check Pods Manifest.lock */,
				19D95FB01FB231780037AF9B /* Sources */,
				19D95FB11FB231780037AF9B /* Frameworks */,
				19D95FB21FB231780037AF9B /* Resources */,
				0E04663ADDA6E595E06027FF /* [CP] Embed Pods Frameworks */,
				0AAF0EE2E4B4D4119DF6D87D /* [CP] Copy Pods Resources */,
			);
			buildRules = (
			);
			dependencies = (
			);
			name = ProtocolHW;
			productName = ProtocolHW;
			productReference = 19D95FB41FB231780037AF9B /* ProtocolHW.app */;
			productType = "com.apple.product-type.application";
		};
/* End PBXNativeTarget section */

/* Begin PBXProject section */
		19D95FAC1FB231780037AF9B /* Project object */ = {
			isa = PBXProject;
			attributes = {
				LastSwiftUpdateCheck = 0900;
				LastUpgradeCheck = 0900;
				ORGANIZATIONNAME = "Aigerim Janaliyeva";
				TargetAttributes = {
					19D95FB31FB231780037AF9B = {
						CreatedOnToolsVersion = 9.0.1;
						ProvisioningStyle = Automatic;
					};
				};
			};
			buildConfigurationList = 19D95FAF1FB231780037AF9B /* Build configuration list for PBXProject "ProtocolHW" */;
			compatibilityVersion = "Xcode 8.0";
			developmentRegion = en;
			hasScannedForEncodings = 0;
			knownRegions = (
				en,
				Base,
			);
			mainGroup = 19D95FAB1FB231780037AF9B;
			productRefGroup = 19D95FB51FB231780037AF9B /* Products */;
			projectDirPath = "";
			projectRoot = "";
			targets = (
				19D95FB31FB231780037AF9B /* ProtocolHW */,
			);
		};
/* End PBXProject section */

/* Begin PBXResourcesBuildPhase section */
		19D95FB21FB231780037AF9B /* Resources */ = {
			isa = PBXResourcesBuildPhase;
			buildActionMask = 2147483647;
			files = (
				19D95FC51FB231780037AF9B /* LaunchScreen.storyboard in Resources */,
				19D95FC21FB231780037AF9B /* Assets.xcassets in Resources */,
			);
			runOnlyForDeploymentPostprocessing = 0;
		};
/* End PBXResourcesBuildPhase section */

/* Begin PBXShellScriptBuildPhase section */
		0AAF0EE2E4B4D4119DF6D87D /* [CP] Copy Pods Resources */ = {
			isa = PBXShellScriptBuildPhase;
			buildActionMask = 2147483647;
			files = (
			);
			inputPaths = (
			);
			name = "[CP] Copy Pods Resources";
			outputPaths = (
			);
			runOnlyForDeploymentPostprocessing = 0;
			shellPath = /bin/sh;
			shellScript = "\"${SRCROOT}/Pods/Target Support Files/Pods-ProtocolHW/Pods-ProtocolHW-resources.sh\"\n";
			showEnvVarsInLog = 0;
		};
		0E04663ADDA6E595E06027FF /* [CP] Embed Pods Frameworks */ = {
			isa = PBXShellScriptBuildPhase;
			buildActionMask = 2147483647;
			files = (
			);
			inputPaths = (
				"${SRCROOT}/Pods/Target Support Files/Pods-ProtocolHW/Pods-ProtocolHW-frameworks.sh",
				"${BUILT_PRODUCTS_DIR}/Cartography/Cartography.framework",
			);
			name = "[CP] Embed Pods Frameworks";
			outputPaths = (
				"${TARGET_BUILD_DIR}/${FRAMEWORKS_FOLDER_PATH}/Cartography.framework",
			);
			runOnlyForDeploymentPostprocessing = 0;
			shellPath = /bin/sh;
			shellScript = "\"${SRCROOT}/Pods/Target Support Files/Pods-ProtocolHW/Pods-ProtocolHW-frameworks.sh\"\n";
			showEnvVarsInLog = 0;
		};
		726551FB314509401A01FCD4 /* [CP] Check Pods Manifest.lock */ = {
			isa = PBXShellScriptBuildPhase;
			buildActionMask = 2147483647;
			files = (
			);
			inputPaths = (
				"${PODS_PODFILE_DIR_PATH}/Podfile.lock",
				"${PODS_ROOT}/Manifest.lock",
			);
			name = "[CP] Check Pods Manifest.lock";
			outputPaths = (
				"$(DERIVED_FILE_DIR)/Pods-ProtocolHW-checkManifestLockResult.txt",
			);
			runOnlyForDeploymentPostprocessing = 0;
			shellPath = /bin/sh;
			shellScript = "diff \"${PODS_PODFILE_DIR_PATH}/Podfile.lock\" \"${PODS_ROOT}/Manifest.lock\" > /dev/null\nif [ $? != 0 ] ; then\n    # print error to STDERR\n    echo \"error: The sandbox is not in sync with the Podfile.lock. Run 'pod install' or update your CocoaPods installation.\" >&2\n    exit 1\nfi\n# This output is used by Xcode 'outputs' to avoid re-running this script phase.\necho \"SUCCESS\" > \"${SCRIPT_OUTPUT_FILE_0}\"\n";
			showEnvVarsInLog = 0;
		};
/* End PBXShellScriptBuildPhase section */

/* Begin PBXSourcesBuildPhase section */
		19D95FB01FB231780037AF9B /* Sources */ = {
			isa = PBXSourcesBuildPhase;
			buildActionMask = 2147483647;
			files = (
				19D95FBA1FB231780037AF9B /* ViewController.swift in Sources */,
				19D95FCD1FB232A00037AF9B /* MainView.swift in Sources */,
				19D95FB81FB231780037AF9B /* AppDelegate.swift in Sources */,
				19D95FC01FB231780037AF9B /* ProtocolHW.xcdatamodeld in Sources */,
			);
			runOnlyForDeploymentPostprocessing = 0;
		};
/* End PBXSourcesBuildPhase section */

/* Begin PBXVariantGroup section */
		19D95FC31FB231780037AF9B /* LaunchScreen.storyboard */ = {
			isa = PBXVariantGroup;
			children = (
				19D95FC41FB231780037AF9B /* Base */,
			);
			name = LaunchScreen.storyboard;
			sourceTree = "<group>";
		};
/* End PBXVariantGroup section */

/* Begin XCBuildConfiguration section */
		19D95FC71FB231780037AF9B /* Debug */ = {
			isa = XCBuildConfiguration;
			buildSettings = {
				ALWAYS_SEARCH_USER_PATHS = NO;
				CLANG_ANALYZER_NONNULL = YES;
				CLANG_ANALYZER_NUMBER_OBJECT_CONVERSION = YES_AGGRESSIVE;
				CLANG_CXX_LANGUAGE_STANDARD = "gnu++14";
				CLANG_CXX_LIBRARY = "libc++";
				CLANG_ENABLE_MODULES = YES;
				CLANG_ENABLE_OBJC_ARC = YES;
				CLANG_WARN_BLOCK_CAPTURE_AUTORELEASING = YES;
				CLANG_WARN_BOOL_CONVERSION = YES;
				CLANG_WARN_COMMA = YES;
				CLANG_WARN_CONSTANT_CONVERSION = YES;
				CLANG_WARN_DIRECT_OBJC_ISA_USAGE = YES_ERROR;
				CLANG_WARN_DOCUMENTATION_COMMENTS = YES;
				CLANG_WARN_EMPTY_BODY = YES;
				CLANG_WARN_ENUM_CONVERSION = YES;
				CLANG_WARN_INFINITE_RECURSION = YES;
				CLANG_WARN_INT_CONVERSION = YES;
				CLANG_WARN_NON_LITERAL_NULL_CONVERSION = YES;
				CLANG_WARN_OBJC_LITERAL_CONVERSION = YES;
				CLANG_WARN_OBJC_ROOT_CLASS = YES_ERROR;
				CLANG_WARN_RANGE_LOOP_ANALYSIS = YES;
				CLANG_WARN_STRICT_PROTOTYPES = YES;
				CLANG_WARN_SUSPICIOUS_MOVE = YES;
				CLANG_WARN_UNGUARDED_AVAILABILITY = YES_AGGRESSIVE;
				CLANG_WARN_UNREACHABLE_CODE = YES;
				CLANG_WARN__DUPLICATE_METHOD_MATCH = YES;
				CODE_SIGN_IDENTITY = "iPhone Developer";
				COPY_PHASE_STRIP = NO;
				DEBUG_INFORMATION_FORMAT = dwarf;
				ENABLE_STRICT_OBJC_MSGSEND = YES;
				ENABLE_TESTABILITY = YES;
				GCC_C_LANGUAGE_STANDARD = gnu11;
				GCC_DYNAMIC_NO_PIC = NO;
				GCC_NO_COMMON_BLOCKS = YES;
				GCC_OPTIMIZATION_LEVEL = 0;
				GCC_PREPROCESSOR_DEFINITIONS = (
					"DEBUG=1",
					"$(inherited)",
				);
				GCC_WARN_64_TO_32_BIT_CONVERSION = YES;
				GCC_WARN_ABOUT_RETURN_TYPE = YES_ERROR;
				GCC_WARN_UNDECLARED_SELECTOR = YES;
				GCC_WARN_UNINITIALIZED_AUTOS = YES_AGGRESSIVE;
				GCC_WARN_UNUSED_FUNCTION = YES;
				GCC_WARN_UNUSED_VARIABLE = YES;
				IPHONEOS_DEPLOYMENT_TARGET = 11.0;
				MTL_ENABLE_DEBUG_INFO = YES;
				ONLY_ACTIVE_ARCH = YES;
				SDKROOT = iphoneos;
				SWIFT_ACTIVE_COMPILATION_CONDITIONS = DEBUG;
				SWIFT_OPTIMIZATION_LEVEL = "-Onone";
			};
			name = Debug;
		};
		19D95FC81FB231780037AF9B /* Release */ = {
			isa = XCBuildConfiguration;
			buildSettings = {
				ALWAYS_SEARCH_USER_PATHS = NO;
				CLANG_ANALYZER_NONNULL = YES;
				CLANG_ANALYZER_NUMBER_OBJECT_CONVERSION = YES_AGGRESSIVE;
				CLANG_CXX_LANGUAGE_STANDARD = "gnu++14";
				CLANG_CXX_LIBRARY = "libc++";
				CLANG_ENABLE_MODULES = YES;
				CLANG_ENABLE_OBJC_ARC = YES;
				CLANG_WARN_BLOCK_CAPTURE_AUTORELEASING = YES;
				CLANG_WARN_BOOL_CONVERSION = YES;
				CLANG_WARN_COMMA = YES;
				CLANG_WARN_CONSTANT_CONVERSION = YES;
				CLANG_WARN_DIRECT_OBJC_ISA_USAGE = YES_ERROR;
				CLANG_WARN_DOCUMENTATION_COMMENTS = YES;
				CLANG_WARN_EMPTY_BODY = YES;
				CLANG_WARN_ENUM_CONVERSION = YES;
				CLANG_WARN_INFINITE_RECURSION = YES;
				CLANG_WARN_INT_CONVERSION = YES;
				CLANG_WARN_NON_LITERAL_NULL_CONVERSION = YES;
				CLANG_WARN_OBJC_LITERAL_CONVERSION = YES;
				CLANG_WARN_OBJC_ROOT_CLASS = YES_ERROR;
				CLANG_WARN_RANGE_LOOP_ANALYSIS = YES;
				CLANG_WARN_STRICT_PROTOTYPES = YES;
				CLANG_WARN_SUSPICIOUS_MOVE = YES;
				CLANG_WARN_UNGUARDED_AVAILABILITY = YES_AGGRESSIVE;
				CLANG_WARN_UNREACHABLE_CODE = YES;
				CLANG_WARN__DUPLICATE_METHOD_MATCH = YES;
				CODE_SIGN_IDENTITY = "iPhone Developer";
				COPY_PHASE_STRIP = NO;
				DEBUG_INFORMATION_FORMAT = "dwarf-with-dsym";
				ENABLE_NS_ASSERTIONS = NO;
				ENABLE_STRICT_OBJC_MSGSEND = YES;
				GCC_C_LANGUAGE_STANDARD = gnu11;
				GCC_NO_COMMON_BLOCKS = YES;
				GCC_WARN_64_TO_32_BIT_CONVERSION = YES;
				GCC_WARN_ABOUT_RETURN_TYPE = YES_ERROR;
				GCC_WARN_UNDECLARED_SELECTOR = YES;
				GCC_WARN_UNINITIALIZED_AUTOS = YES_AGGRESSIVE;
				GCC_WARN_UNUSED_FUNCTION = YES;
				GCC_WARN_UNUSED_VARIABLE = YES;
				IPHONEOS_DEPLOYMENT_TARGET = 11.0;
				MTL_ENABLE_DEBUG_INFO = NO;
				SDKROOT = iphoneos;
				SWIFT_OPTIMIZATION_LEVEL = "-Owholemodule";
				VALIDATE_PRODUCT = YES;
			};
			name = Release;
		};
		19D95FCA1FB231780037AF9B /* Debug */ = {
			isa = XCBuildConfiguration;
			baseConfigurationReference = C5956B8E996BC3AFCE1DE925 /* Pods-ProtocolHW.debug.xcconfig */;
			buildSettings = {
				ASSETCATALOG_COMPILER_APPICON_NAME = AppIcon;
				CODE_SIGN_STYLE = Automatic;
				INFOPLIST_FILE = ProtocolHW/Info.plist;
				LD_RUNPATH_SEARCH_PATHS = "$(inherited) @executable_path/Frameworks";
				PRODUCT_BUNDLE_IDENTIFIER = JAR.ProtocolHW;
				PRODUCT_NAME = "$(TARGET_NAME)";
				SWIFT_VERSION = 4.0;
				TARGETED_DEVICE_FAMILY = "1,2";
			};
			name = Debug;
		};
		19D95FCB1FB231780037AF9B /* Release */ = {
			isa = XCBuildConfiguration;
			baseConfigurationReference = 6CECF353876A5B328E243C8C /* Pods-ProtocolHW.release.xcconfig */;
			buildSettings = {
				ASSETCATALOG_COMPILER_APPICON_NAME = AppIcon;
				CODE_SIGN_STYLE = Automatic;
				INFOPLIST_FILE = ProtocolHW/Info.plist;
				LD_RUNPATH_SEARCH_PATHS = "$(inherited) @executable_path/Frameworks";
				PRODUCT_BUNDLE_IDENTIFIER = JAR.ProtocolHW;
				PRODUCT_NAME = "$(TARGET_NAME)";
				SWIFT_VERSION = 4.0;
				TARGETED_DEVICE_FAMILY = "1,2";
			};
			name = Release;
		};
/* End XCBuildConfiguration section */

/* Begin XCConfigurationList section */
		19D95FAF1FB231780037AF9B /* Build configuration list for PBXProject "ProtocolHW" */ = {
			isa = XCConfigurationList;
			buildConfigurations = (
				19D95FC71FB231780037AF9B /* Debug */,
				19D95FC81FB231780037AF9B /* Release */,
			);
			defaultConfigurationIsVisible = 0;
			defaultConfigurationName = Release;
		};
		19D95FC91FB231780037AF9B /* Build configuration list for PBXNativeTarget "ProtocolHW" */ = {
			isa = XCConfigurationList;
			buildConfigurations = (
				19D95FCA1FB231780037AF9B /* Debug */,
				19D95FCB1FB231780037AF9B /* Release */,
			);
			defaultConfigurationIsVisible = 0;
			defaultConfigurationName = Release;
		};
/* End XCConfigurationList section */

/* Begin XCVersionGroup section */
		19D95FBE1FB231780037AF9B /* ProtocolHW.xcdatamodeld */ = {
			isa = XCVersionGroup;
			children = (
				19D95FBF1FB231780037AF9B /* ProtocolHW.xcdatamodel */,
			);
			currentVersion = 19D95FBF1FB231780037AF9B /* ProtocolHW.xcdatamodel */;
			path = ProtocolHW.xcdatamodeld;
			sourceTree = "<group>";
			versionGroupType = wrapper.xcdatamodel;
		};
/* End XCVersionGroup section */
	};
	rootObject = 19D95FAC1FB231780037AF9B /* Project object */;
}
