// !$*UTF8*$!
{
	archiveVersion = 1;
	classes = {
	};
	objectVersion = 48;
	objects = {

/* Begin PBXBuildFile section */
		195E08931FBC5E2E00CD77AB /* FoodView.swift in Sources */ = {isa = PBXBuildFile; fileRef = 195E08921FBC5E2E00CD77AB /* FoodView.swift */; };
		196A30131FBC5AB00045598D /* ParentView.swift in Sources */ = {isa = PBXBuildFile; fileRef = 196A30121FBC5AB00045598D /* ParentView.swift */; };
		198516AA1FBC5084009E9170 /* AppDelegate.swift in Sources */ = {isa = PBXBuildFile; fileRef = 198516A91FBC5084009E9170 /* AppDelegate.swift */; };
		198516AC1FBC5084009E9170 /* ViewController.swift in Sources */ = {isa = PBXBuildFile; fileRef = 198516AB1FBC5084009E9170 /* ViewController.swift */; };
		198516B21FBC5084009E9170 /* POP_Test.xcdatamodeld in Sources */ = {isa = PBXBuildFile; fileRef = 198516B01FBC5084009E9170 /* POP_Test.xcdatamodeld */; };
		198516B41FBC5084009E9170 /* Assets.xcassets in Resources */ = {isa = PBXBuildFile; fileRef = 198516B31FBC5084009E9170 /* Assets.xcassets */; };
		198516B71FBC5084009E9170 /* LaunchScreen.storyboard in Resources */ = {isa = PBXBuildFile; fileRef = 198516B51FBC5084009E9170 /* LaunchScreen.storyboard */; };
/* End PBXBuildFile section */

/* Begin PBXFileReference section */
		195E08921FBC5E2E00CD77AB /* FoodView.swift */ = {isa = PBXFileReference; lastKnownFileType = sourcecode.swift; path = FoodView.swift; sourceTree = "<group>"; };
		196A30121FBC5AB00045598D /* ParentView.swift */ = {isa = PBXFileReference; lastKnownFileType = sourcecode.swift; path = ParentView.swift; sourceTree = "<group>"; };
		198516A61FBC5084009E9170 /* POP_Test.app */ = {isa = PBXFileReference; explicitFileType = wrapper.application; includeInIndex = 0; path = POP_Test.app; sourceTree = BUILT_PRODUCTS_DIR; };
		198516A91FBC5084009E9170 /* AppDelegate.swift */ = {isa = PBXFileReference; lastKnownFileType = sourcecode.swift; path = AppDelegate.swift; sourceTree = "<group>"; };
		198516AB1FBC5084009E9170 /* ViewController.swift */ = {isa = PBXFileReference; lastKnownFileType = sourcecode.swift; path = ViewController.swift; sourceTree = "<group>"; };
		198516B11FBC5084009E9170 /* POP_Test.xcdatamodel */ = {isa = PBXFileReference; lastKnownFileType = wrapper.xcdatamodel; path = POP_Test.xcdatamodel; sourceTree = "<group>"; };
		198516B31FBC5084009E9170 /* Assets.xcassets */ = {isa = PBXFileReference; lastKnownFileType = folder.assetcatalog; path = Assets.xcassets; sourceTree = "<group>"; };
		198516B61FBC5084009E9170 /* Base */ = {isa = PBXFileReference; lastKnownFileType = file.storyboard; name = Base; path = Base.lproj/LaunchScreen.storyboard; sourceTree = "<group>"; };
		198516B81FBC5084009E9170 /* Info.plist */ = {isa = PBXFileReference; lastKnownFileType = text.plist.xml; path = Info.plist; sourceTree = "<group>"; };
/* End PBXFileReference section */

/* Begin PBXFrameworksBuildPhase section */
		198516A31FBC5084009E9170 /* Frameworks */ = {
			isa = PBXFrameworksBuildPhase;
			buildActionMask = 2147483647;
			files = (
			);
			runOnlyForDeploymentPostprocessing = 0;
		};
/* End PBXFrameworksBuildPhase section */

/* Begin PBXGroup section */
		1985169D1FBC5084009E9170 = {
			isa = PBXGroup;
			children = (
				198516A81FBC5084009E9170 /* POP_Test */,
				198516A71FBC5084009E9170 /* Products */,
			);
			sourceTree = "<group>";
		};
		198516A71FBC5084009E9170 /* Products */ = {
			isa = PBXGroup;
			children = (
				198516A61FBC5084009E9170 /* POP_Test.app */,
			);
			name = Products;
			sourceTree = "<group>";
		};
		198516A81FBC5084009E9170 /* POP_Test */ = {
			isa = PBXGroup;
			children = (
				198516A91FBC5084009E9170 /* AppDelegate.swift */,
				198516AB1FBC5084009E9170 /* ViewController.swift */,
				196A30121FBC5AB00045598D /* ParentView.swift */,
				195E08921FBC5E2E00CD77AB /* FoodView.swift */,
				198516B31FBC5084009E9170 /* Assets.xcassets */,
				198516B51FBC5084009E9170 /* LaunchScreen.storyboard */,
				198516B81FBC5084009E9170 /* Info.plist */,
				198516B01FBC5084009E9170 /* POP_Test.xcdatamodeld */,
			);
			path = POP_Test;
			sourceTree = "<group>";
		};
/* End PBXGroup section */

/* Begin PBXNativeTarget section */
		198516A51FBC5084009E9170 /* POP_Test */ = {
			isa = PBXNativeTarget;
			buildConfigurationList = 198516BB1FBC5084009E9170 /* Build configuration list for PBXNativeTarget "POP_Test" */;
			buildPhases = (
				198516A21FBC5084009E9170 /* Sources */,
				198516A31FBC5084009E9170 /* Frameworks */,
				198516A41FBC5084009E9170 /* Resources */,
			);
			buildRules = (
			);
			dependencies = (
			);
			name = POP_Test;
			productName = POP_Test;
			productReference = 198516A61FBC5084009E9170 /* POP_Test.app */;
			productType = "com.apple.product-type.application";
		};
/* End PBXNativeTarget section */

/* Begin PBXProject section */
		1985169E1FBC5084009E9170 /* Project object */ = {
			isa = PBXProject;
			attributes = {
				LastSwiftUpdateCheck = 0910;
				LastUpgradeCheck = 0910;
				ORGANIZATIONNAME = "Aigerim Janaliyeva";
				TargetAttributes = {
					198516A51FBC5084009E9170 = {
						CreatedOnToolsVersion = 9.1;
						ProvisioningStyle = Automatic;
					};
				};
			};
			buildConfigurationList = 198516A11FBC5084009E9170 /* Build configuration list for PBXProject "POP_Test" */;
			compatibilityVersion = "Xcode 8.0";
			developmentRegion = en;
			hasScannedForEncodings = 0;
			knownRegions = (
				en,
				Base,
			);
			mainGroup = 1985169D1FBC5084009E9170;
			productRefGroup = 198516A71FBC5084009E9170 /* Products */;
			projectDirPath = "";
			projectRoot = "";
			targets = (
				198516A51FBC5084009E9170 /* POP_Test */,
			);
		};
/* End PBXProject section */

/* Begin PBXResourcesBuildPhase section */
		198516A41FBC5084009E9170 /* Resources */ = {
			isa = PBXResourcesBuildPhase;
			buildActionMask = 2147483647;
			files = (
				198516B71FBC5084009E9170 /* LaunchScreen.storyboard in Resources */,
				198516B41FBC5084009E9170 /* Assets.xcassets in Resources */,
			);
			runOnlyForDeploymentPostprocessing = 0;
		};
/* End PBXResourcesBuildPhase section */

/* Begin PBXSourcesBuildPhase section */
		198516A21FBC5084009E9170 /* Sources */ = {
			isa = PBXSourcesBuildPhase;
			buildActionMask = 2147483647;
			files = (
				196A30131FBC5AB00045598D /* ParentView.swift in Sources */,
				198516B21FBC5084009E9170 /* POP_Test.xcdatamodeld in Sources */,
				195E08931FBC5E2E00CD77AB /* FoodView.swift in Sources */,
				198516AC1FBC5084009E9170 /* ViewController.swift in Sources */,
				198516AA1FBC5084009E9170 /* AppDelegate.swift in Sources */,
			);
			runOnlyForDeploymentPostprocessing = 0;
		};
/* End PBXSourcesBuildPhase section */

/* Begin PBXVariantGroup section */
		198516B51FBC5084009E9170 /* LaunchScreen.storyboard */ = {
			isa = PBXVariantGroup;
			children = (
				198516B61FBC5084009E9170 /* Base */,
			);
			name = LaunchScreen.storyboard;
			sourceTree = "<group>";
		};
/* End PBXVariantGroup section */

/* Begin XCBuildConfiguration section */
		198516B91FBC5084009E9170 /* Debug */ = {
			isa = XCBuildConfiguration;
			buildSettings = {
				ALWAYS_SEARCH_USER_PATHS = NO;
				CLANG_ANALYZER_NONNULL = YES;
				CLANG_ANALYZER_NUMBER_OBJECT_CONVERSION = YES_AGGRESSIVE;
				CLANG_CXX_LANGUAGE_STANDARD = "gnu++14";
				CLANG_CXX_LIBRARY = "libc++";
				CLANG_ENABLE_MODULES = YES;
				CLANG_ENABLE_OBJC_ARC = YES;
				CLANG_WARN_BLOCK_CAPTURE_AUTORELEASING = YES;
				CLANG_WARN_BOOL_CONVERSION = YES;
				CLANG_WARN_COMMA = YES;
				CLANG_WARN_CONSTANT_CONVERSION = YES;
				CLANG_WARN_DIRECT_OBJC_ISA_USAGE = YES_ERROR;
				CLANG_WARN_DOCUMENTATION_COMMENTS = YES;
				CLANG_WARN_EMPTY_BODY = YES;
				CLANG_WARN_ENUM_CONVERSION = YES;
				CLANG_WARN_INFINITE_RECURSION = YES;
				CLANG_WARN_INT_CONVERSION = YES;
				CLANG_WARN_NON_LITERAL_NULL_CONVERSION = YES;
				CLANG_WARN_OBJC_LITERAL_CONVERSION = YES;
				CLANG_WARN_OBJC_ROOT_CLASS = YES_ERROR;
				CLANG_WARN_RANGE_LOOP_ANALYSIS = YES;
				CLANG_WARN_STRICT_PROTOTYPES = YES;
				CLANG_WARN_SUSPICIOUS_MOVE = YES;
				CLANG_WARN_UNGUARDED_AVAILABILITY = YES_AGGRESSIVE;
				CLANG_WARN_UNREACHABLE_CODE = YES;
				CLANG_WARN__DUPLICATE_METHOD_MATCH = YES;
				CODE_SIGN_IDENTITY = "iPhone Developer";
				COPY_PHASE_STRIP = NO;
				DEBUG_INFORMATION_FORMAT = dwarf;
				ENABLE_STRICT_OBJC_MSGSEND = YES;
				ENABLE_TESTABILITY = YES;
				GCC_C_LANGUAGE_STANDARD = gnu11;
				GCC_DYNAMIC_NO_PIC = NO;
				GCC_NO_COMMON_BLOCKS = YES;
				GCC_OPTIMIZATION_LEVEL = 0;
				GCC_PREPROCESSOR_DEFINITIONS = (
					"DEBUG=1",
					"$(inherited)",
				);
				GCC_WARN_64_TO_32_BIT_CONVERSION = YES;
				GCC_WARN_ABOUT_RETURN_TYPE = YES_ERROR;
				GCC_WARN_UNDECLARED_SELECTOR = YES;
				GCC_WARN_UNINITIALIZED_AUTOS = YES_AGGRESSIVE;
				GCC_WARN_UNUSED_FUNCTION = YES;
				GCC_WARN_UNUSED_VARIABLE = YES;
				IPHONEOS_DEPLOYMENT_TARGET = 11.1;
				MTL_ENABLE_DEBUG_INFO = YES;
				ONLY_ACTIVE_ARCH = YES;
				SDKROOT = iphoneos;
				SWIFT_ACTIVE_COMPILATION_CONDITIONS = DEBUG;
				SWIFT_OPTIMIZATION_LEVEL = "-Onone";
			};
			name = Debug;
		};
		198516BA1FBC5084009E9170 /* Release */ = {
			isa = XCBuildConfiguration;
			buildSettings = {
				ALWAYS_SEARCH_USER_PATHS = NO;
				CLANG_ANALYZER_NONNULL = YES;
				CLANG_ANALYZER_NUMBER_OBJECT_CONVERSION = YES_AGGRESSIVE;
				CLANG_CXX_LANGUAGE_STANDARD = "gnu++14";
				CLANG_CXX_LIBRARY = "libc++";
				CLANG_ENABLE_MODULES = YES;
				CLANG_ENABLE_OBJC_ARC = YES;
				CLANG_WARN_BLOCK_CAPTURE_AUTORELEASING = YES;
				CLANG_WARN_BOOL_CONVERSION = YES;
				CLANG_WARN_COMMA = YES;
				CLANG_WARN_CONSTANT_CONVERSION = YES;
				CLANG_WARN_DIRECT_OBJC_ISA_USAGE = YES_ERROR;
				CLANG_WARN_DOCUMENTATION_COMMENTS = YES;
				CLANG_WARN_EMPTY_BODY = YES;
				CLANG_WARN_ENUM_CONVERSION = YES;
				CLANG_WARN_INFINITE_RECURSION = YES;
				CLANG_WARN_INT_CONVERSION = YES;
				CLANG_WARN_NON_LITERAL_NULL_CONVERSION = YES;
				CLANG_WARN_OBJC_LITERAL_CONVERSION = YES;
				CLANG_WARN_OBJC_ROOT_CLASS = YES_ERROR;
				CLANG_WARN_RANGE_LOOP_ANALYSIS = YES;
				CLANG_WARN_STRICT_PROTOTYPES = YES;
				CLANG_WARN_SUSPICIOUS_MOVE = YES;
				CLANG_WARN_UNGUARDED_AVAILABILITY = YES_AGGRESSIVE;
				CLANG_WARN_UNREACHABLE_CODE = YES;
				CLANG_WARN__DUPLICATE_METHOD_MATCH = YES;
				CODE_SIGN_IDENTITY = "iPhone Developer";
				COPY_PHASE_STRIP = NO;
				DEBUG_INFORMATION_FORMAT = "dwarf-with-dsym";
				ENABLE_NS_ASSERTIONS = NO;
				ENABLE_STRICT_OBJC_MSGSEND = YES;
				GCC_C_LANGUAGE_STANDARD = gnu11;
				GCC_NO_COMMON_BLOCKS = YES;
				GCC_WARN_64_TO_32_BIT_CONVERSION = YES;
				GCC_WARN_ABOUT_RETURN_TYPE = YES_ERROR;
				GCC_WARN_UNDECLARED_SELECTOR = YES;
				GCC_WARN_UNINITIALIZED_AUTOS = YES_AGGRESSIVE;
				GCC_WARN_UNUSED_FUNCTION = YES;
				GCC_WARN_UNUSED_VARIABLE = YES;
				IPHONEOS_DEPLOYMENT_TARGET = 11.1;
				MTL_ENABLE_DEBUG_INFO = NO;
				SDKROOT = iphoneos;
				SWIFT_OPTIMIZATION_LEVEL = "-Owholemodule";
				VALIDATE_PRODUCT = YES;
			};
			name = Release;
		};
		198516BC1FBC5084009E9170 /* Debug */ = {
			isa = XCBuildConfiguration;
			buildSettings = {
				ASSETCATALOG_COMPILER_APPICON_NAME = AppIcon;
				CODE_SIGN_STYLE = Automatic;
				INFOPLIST_FILE = POP_Test/Info.plist;
				LD_RUNPATH_SEARCH_PATHS = "$(inherited) @executable_path/Frameworks";
				PRODUCT_BUNDLE_IDENTIFIER = "JAR.POP-Test";
				PRODUCT_NAME = "$(TARGET_NAME)";
				SWIFT_VERSION = 4.0;
				TARGETED_DEVICE_FAMILY = "1,2";
			};
			name = Debug;
		};
		198516BD1FBC5084009E9170 /* Release */ = {
			isa = XCBuildConfiguration;
			buildSettings = {
				ASSETCATALOG_COMPILER_APPICON_NAME = AppIcon;
				CODE_SIGN_STYLE = Automatic;
				INFOPLIST_FILE = POP_Test/Info.plist;
				LD_RUNPATH_SEARCH_PATHS = "$(inherited) @executable_path/Frameworks";
				PRODUCT_BUNDLE_IDENTIFIER = "JAR.POP-Test";
				PRODUCT_NAME = "$(TARGET_NAME)";
				SWIFT_VERSION = 4.0;
				TARGETED_DEVICE_FAMILY = "1,2";
			};
			name = Release;
		};
/* End XCBuildConfiguration section */

/* Begin XCConfigurationList section */
		198516A11FBC5084009E9170 /* Build configuration list for PBXProject "POP_Test" */ = {
			isa = XCConfigurationList;
			buildConfigurations = (
				198516B91FBC5084009E9170 /* Debug */,
				198516BA1FBC5084009E9170 /* Release */,
			);
			defaultConfigurationIsVisible = 0;
			defaultConfigurationName = Release;
		};
		198516BB1FBC5084009E9170 /* Build configuration list for PBXNativeTarget "POP_Test" */ = {
			isa = XCConfigurationList;
			buildConfigurations = (
				198516BC1FBC5084009E9170 /* Debug */,
				198516BD1FBC5084009E9170 /* Release */,
			);
			defaultConfigurationIsVisible = 0;
			defaultConfigurationName = Release;
		};
/* End XCConfigurationList section */

/* Begin XCVersionGroup section */
		198516B01FBC5084009E9170 /* POP_Test.xcdatamodeld */ = {
			isa = XCVersionGroup;
			children = (
				198516B11FBC5084009E9170 /* POP_Test.xcdatamodel */,
			);
			currentVersion = 198516B11FBC5084009E9170 /* POP_Test.xcdatamodel */;
			path = POP_Test.xcdatamodeld;
			sourceTree = "<group>";
			versionGroupType = wrapper.xcdatamodel;
		};
/* End XCVersionGroup section */
	};
	rootObject = 1985169E1FBC5084009E9170 /* Project object */;
}
